# THIS IS AN AUTOGENERATED FILE. DO NOT EDIT THIS FILE DIRECTLY.
# yarn lockfile v1


"@zeit/ncc@0.11.0":
  version "0.11.0"
  resolved "https://registry.yarnpkg.com/@zeit/ncc/-/ncc-0.11.0.tgz#17807a4e486e4e7a232add1edfeb8b861dc08cad"
  integrity sha512-J6wlJ9PlBqH3+Em+tnQSt/YXmKDQUJykRc2M5LxuJiDyUHAdVLvVjNrRTpRLn7JEDfgMYECPMGZS195N32Pn9Q==
